
Microsoft Visual Studio Solution File, Format Version 12.00
# Visual Studio Version 17
VisualStudioVersion = 17.12.35707.178
MinimumVisualStudioVersion = 10.0.40219.1
Project("{8BC9CEB8-8B4A-11D0-8D11-00A0C91BC942}") = "ChatApp", "ChatApp\ChatApp.vcxproj", "{6AECF6D0-1B11-483D-A9ED-44026305F3BE}"
EndProject
Project("{FAE04EC0-301F-11D3-BF4B-00C04F79EFBC}") = "CivilDialog", "CivilDialog\CivilDialog.csproj", "{8A4FD1DE-ACAE-498C-B975-612C6A3F1759}"
EndProject
Project("{FAE04EC0-301F-11D3-BF4B-00C04F79EFBC}") = "CivilDialog.Core", "CivilDialog.Core\CivilDialog.Core.csproj", "{B77E41C1-CCFF-4647-8525-A62C412F3259}"
EndProject
Global
	GlobalSection(SolutionConfigurationPlatforms) = preSolution
		Debug|Any CPU = Debug|Any CPU
		Debug|ARM64 = Debug|ARM64
		Debug|ARM64EC = Debug|ARM64EC
		Debug|x64 = Debug|x64
		Release|Any CPU = Release|Any CPU
		Release|ARM64 = Release|ARM64
		Release|ARM64EC = Release|ARM64EC
		Release|x64 = Release|x64
	EndGlobalSection
	GlobalSection(ProjectConfigurationPlatforms) = postSolution
		{6AECF6D0-1B11-483D-A9ED-44026305F3BE}.Debug|Any CPU.ActiveCfg = Debug|ARM64
		{6AECF6D0-1B11-483D-A9ED-44026305F3BE}.Debug|Any CPU.Build.0 = Debug|ARM64
		{6AECF6D0-1B11-483D-A9ED-44026305F3BE}.Debug|ARM64.ActiveCfg = Debug|ARM64
		{6AECF6D0-1B11-483D-A9ED-44026305F3BE}.Debug|ARM64.Build.0 = Debug|ARM64
		{6AECF6D0-1B11-483D-A9ED-44026305F3BE}.Debug|ARM64EC.ActiveCfg = Debug|ARM64
		{6AECF6D0-1B11-483D-A9ED-44026305F3BE}.Debug|ARM64EC.Build.0 = Debug|ARM64
		{6AECF6D0-1B11-483D-A9ED-44026305F3BE}.Debug|x64.ActiveCfg = Debug|x64
		{6AECF6D0-1B11-483D-A9ED-44026305F3BE}.Debug|x64.Build.0 = Debug|x64
		{6AECF6D0-1B11-483D-A9ED-44026305F3BE}.Release|Any CPU.ActiveCfg = Release|ARM64
		{6AECF6D0-1B11-483D-A9ED-44026305F3BE}.Release|Any CPU.Build.0 = Release|ARM64
		{6AECF6D0-1B11-483D-A9ED-44026305F3BE}.Release|ARM64.ActiveCfg = Release|ARM64
		{6AECF6D0-1B11-483D-A9ED-44026305F3BE}.Release|ARM64.Build.0 = Release|ARM64
		{6AECF6D0-1B11-483D-A9ED-44026305F3BE}.Release|ARM64EC.ActiveCfg = Release|ARM64EC
		{6AECF6D0-1B11-483D-A9ED-44026305F3BE}.Release|ARM64EC.Build.0 = Release|ARM64EC
		{6AECF6D0-1B11-483D-A9ED-44026305F3BE}.Release|x64.ActiveCfg = Release|x64
		{6AECF6D0-1B11-483D-A9ED-44026305F3BE}.Release|x64.Build.0 = Release|x64
		{8A4FD1DE-ACAE-498C-B975-612C6A3F1759}.Debug|Any CPU.ActiveCfg = Debug|Any CPU
		{8A4FD1DE-ACAE-498C-B975-612C6A3F1759}.Debug|Any CPU.Build.0 = Debug|Any CPU
		{8A4FD1DE-ACAE-498C-B975-612C6A3F1759}.Debug|Any CPU.Deploy.0 = Debug|Any CPU
		{8A4FD1DE-ACAE-498C-B975-612C6A3F1759}.Debug|ARM64.ActiveCfg = Debug|Any CPU
		{8A4FD1DE-ACAE-498C-B975-612C6A3F1759}.Debug|ARM64.Build.0 = Debug|Any CPU
		{8A4FD1DE-ACAE-498C-B975-612C6A3F1759}.Debug|ARM64.Deploy.0 = Debug|Any CPU
		{8A4FD1DE-ACAE-498C-B975-612C6A3F1759}.Debug|ARM64EC.ActiveCfg = Debug|Any CPU
		{8A4FD1DE-ACAE-498C-B975-612C6A3F1759}.Debug|ARM64EC.Build.0 = Debug|Any CPU
		{8A4FD1DE-ACAE-498C-B975-612C6A3F1759}.Debug|ARM64EC.Deploy.0 = Debug|Any CPU
		{8A4FD1DE-ACAE-498C-B975-612C6A3F1759}.Debug|x64.ActiveCfg = Debug|x64
		{8A4FD1DE-ACAE-498C-B975-612C6A3F1759}.Debug|x64.Build.0 = Debug|x64
		{8A4FD1DE-ACAE-498C-B975-612C6A3F1759}.Debug|x64.Deploy.0 = Debug|x64
		{8A4FD1DE-ACAE-498C-B975-612C6A3F1759}.Release|Any CPU.ActiveCfg = Release|Any CPU
		{8A4FD1DE-ACAE-498C-B975-612C6A3F1759}.Release|Any CPU.Build.0 = Release|Any CPU
		{8A4FD1DE-ACAE-498C-B975-612C6A3F1759}.Release|Any CPU.Deploy.0 = Release|Any CPU
		{8A4FD1DE-ACAE-498C-B975-612C6A3F1759}.Release|ARM64.ActiveCfg = Release|Any CPU
		{8A4FD1DE-ACAE-498C-B975-612C6A3F1759}.Release|ARM64.Build.0 = Release|Any CPU
		{8A4FD1DE-ACAE-498C-B975-612C6A3F1759}.Release|ARM64.Deploy.0 = Release|Any CPU
		{8A4FD1DE-ACAE-498C-B975-612C6A3F1759}.Release|ARM64EC.ActiveCfg = Release|Any CPU
		{8A4FD1DE-ACAE-498C-B975-612C6A3F1759}.Release|ARM64EC.Build.0 = Release|Any CPU
		{8A4FD1DE-ACAE-498C-B975-612C6A3F1759}.Release|ARM64EC.Deploy.0 = Release|Any CPU
		{8A4FD1DE-ACAE-498C-B975-612C6A3F1759}.Release|x64.ActiveCfg = Release|x64
		{8A4FD1DE-ACAE-498C-B975-612C6A3F1759}.Release|x64.Build.0 = Release|x64
		{8A4FD1DE-ACAE-498C-B975-612C6A3F1759}.Release|x64.Deploy.0 = Release|x64
		{B77E41C1-CCFF-4647-8525-A62C412F3259}.Debug|Any CPU.ActiveCfg = Debug|Any CPU
		{B77E41C1-CCFF-4647-8525-A62C412F3259}.Debug|Any CPU.Build.0 = Debug|Any CPU
		{B77E41C1-CCFF-4647-8525-A62C412F3259}.Debug|ARM64.ActiveCfg = Debug|Any CPU
		{B77E41C1-CCFF-4647-8525-A62C412F3259}.Debug|ARM64.Build.0 = Debug|Any CPU
		{B77E41C1-CCFF-4647-8525-A62C412F3259}.Debug|ARM64EC.ActiveCfg = Debug|Any CPU
		{B77E41C1-CCFF-4647-8525-A62C412F3259}.Debug|ARM64EC.Build.0 = Debug|Any CPU
		{B77E41C1-CCFF-4647-8525-A62C412F3259}.Debug|x64.ActiveCfg = Debug|x64
		{B77E41C1-CCFF-4647-8525-A62C412F3259}.Debug|x64.Build.0 = Debug|x64
		{B77E41C1-CCFF-4647-8525-A62C412F3259}.Release|Any CPU.ActiveCfg = Release|Any CPU
		{B77E41C1-CCFF-4647-8525-A62C412F3259}.Release|Any CPU.Build.0 = Release|Any CPU
		{B77E41C1-CCFF-4647-8525-A62C412F3259}.Release|ARM64.ActiveCfg = Release|Any CPU
		{B77E41C1-CCFF-4647-8525-A62C412F3259}.Release|ARM64.Build.0 = Release|Any CPU
		{B77E41C1-CCFF-4647-8525-A62C412F3259}.Release|ARM64EC.ActiveCfg = Release|Any CPU
		{B77E41C1-CCFF-4647-8525-A62C412F3259}.Release|ARM64EC.Build.0 = Release|Any CPU
		{B77E41C1-CCFF-4647-8525-A62C412F3259}.Release|x64.ActiveCfg = Release|x64
		{B77E41C1-CCFF-4647-8525-A62C412F3259}.Release|x64.Build.0 = Release|x64
	EndGlobalSection
	GlobalSection(SolutionProperties) = preSolution
		HideSolutionNode = FALSE
	EndGlobalSection
EndGlobal
